
Microsoft Visual Studio Solution File, Format Version 12.00
# Visual Studio 15
VisualStudioVersion = 15.0.27130.2003
MinimumVisualStudioVersion = 10.0.40219.1
Project("{FAE04EC0-301F-11D3-BF4B-00C04F79EFBC}") = "WindowTopMost", "WindowTopMost\WindowTopMost.csproj", "{8851C70F-FBB3-4B80-B20C-328D09F60377}"
EndProject
Global
	GlobalSection(SolutionConfigurationPlatforms) = preSolution
		Debug|Any CPU = Debug|Any CPU
		Release|Any CPU = Release|Any CPU
	EndGlobalSection
	GlobalSection(ProjectConfigurationPlatforms) = postSolution
		{8851C70F-FBB3-4B80-B20C-328D09F60377}.Debug|Any CPU.ActiveCfg = Debug|Any CPU
		{8851C70F-FBB3-4B80-B20C-328D09F60377}.Debug|Any CPU.Build.0 = Debug|Any CPU
		{8851C70F-FBB3-4B80-B20C-328D09F60377}.Release|Any CPU.ActiveCfg = Release|Any CPU
		{8851C70F-FBB3-4B80-B20C-328D09F60377}.Release|Any CPU.Build.0 = Release|Any CPU
	EndGlobalSection
	GlobalSection(SolutionProperties) = preSolution
		HideSolutionNode = FALSE
	EndGlobalSection
	GlobalSection(ExtensibilityGlobals) = postSolution
		SolutionGuid = {D6EEE64D-8058-4EDE-8B46-C8F0EE344FFE}
	EndGlobalSection
EndGlobal
